
Microsoft Visual Studio Solution File, Format Version 12.00
# Visual Studio Version 16
VisualStudioVersion = 16.0.31313.79
MinimumVisualStudioVersion = 10.0.40219.1
Project("{FAE04EC0-301F-11D3-BF4B-00C04F79EFBC}") = "DAL", "DAL\DAL.csproj", "{89D6D8AD-3EBF-448E-BEA7-8DDC72FA43A2}"
EndProject
Project("{FAE04EC0-301F-11D3-BF4B-00C04F79EFBC}") = "BL", "BL\BL.csproj", "{22C00129-10A8-4C66-98F7-9D36C80F16D0}"
EndProject
Project("{FAE04EC0-301F-11D3-BF4B-00C04F79EFBC}") = "API", "API\API.csproj", "{63EB1713-095E-4AC2-90E8-F76857CC054F}"
EndProject
Global
	GlobalSection(SolutionConfigurationPlatforms) = preSolution
		Debug|Any CPU = Debug|Any CPU
		Release|Any CPU = Release|Any CPU
	EndGlobalSection
	GlobalSection(ProjectConfigurationPlatforms) = postSolution
		{89D6D8AD-3EBF-448E-BEA7-8DDC72FA43A2}.Debug|Any CPU.ActiveCfg = Debug|Any CPU
		{89D6D8AD-3EBF-448E-BEA7-8DDC72FA43A2}.Debug|Any CPU.Build.0 = Debug|Any CPU
		{89D6D8AD-3EBF-448E-BEA7-8DDC72FA43A2}.Release|Any CPU.ActiveCfg = Release|Any CPU
		{89D6D8AD-3EBF-448E-BEA7-8DDC72FA43A2}.Release|Any CPU.Build.0 = Release|Any CPU
		{22C00129-10A8-4C66-98F7-9D36C80F16D0}.Debug|Any CPU.ActiveCfg = Debug|Any CPU
		{22C00129-10A8-4C66-98F7-9D36C80F16D0}.Debug|Any CPU.Build.0 = Debug|Any CPU
		{22C00129-10A8-4C66-98F7-9D36C80F16D0}.Release|Any CPU.ActiveCfg = Release|Any CPU
		{22C00129-10A8-4C66-98F7-9D36C80F16D0}.Release|Any CPU.Build.0 = Release|Any CPU
		{63EB1713-095E-4AC2-90E8-F76857CC054F}.Debug|Any CPU.ActiveCfg = Debug|Any CPU
		{63EB1713-095E-4AC2-90E8-F76857CC054F}.Debug|Any CPU.Build.0 = Debug|Any CPU
		{63EB1713-095E-4AC2-90E8-F76857CC054F}.Release|Any CPU.ActiveCfg = Release|Any CPU
		{63EB1713-095E-4AC2-90E8-F76857CC054F}.Release|Any CPU.Build.0 = Release|Any CPU
	EndGlobalSection
	GlobalSection(SolutionProperties) = preSolution
		HideSolutionNode = FALSE
	EndGlobalSection
	GlobalSection(ExtensibilityGlobals) = postSolution
		SolutionGuid = {0AE90668-A797-4DD5-9306-F5128AC78C88}
	EndGlobalSection
EndGlobal
